
Microsoft Visual Studio Solution File, Format Version 12.00
# Visual Studio 15
VisualStudioVersion = 15.0.27004.2009
MinimumVisualStudioVersion = 10.0.40219.1
Project("{FAE04EC0-301F-11D3-BF4B-00C04F79EFBC}") = "AdvancedTechniquesJavaScriptJQuery", "AdvancedTechniquesJavaScriptJQuery\AdvancedTechniquesJavaScriptJQuery.csproj", "{1B442B3D-D599-486F-8ED9-5373A6C5216B}"
EndProject
Global
	GlobalSection(SolutionConfigurationPlatforms) = preSolution
		Debug|Any CPU = Debug|Any CPU
		Release|Any CPU = Release|Any CPU
	EndGlobalSection
	GlobalSection(ProjectConfigurationPlatforms) = postSolution
		{1B442B3D-D599-486F-8ED9-5373A6C5216B}.Debug|Any CPU.ActiveCfg = Debug|Any CPU
		{1B442B3D-D599-486F-8ED9-5373A6C5216B}.Debug|Any CPU.Build.0 = Debug|Any CPU
		{1B442B3D-D599-486F-8ED9-5373A6C5216B}.Release|Any CPU.ActiveCfg = Release|Any CPU
		{1B442B3D-D599-486F-8ED9-5373A6C5216B}.Release|Any CPU.Build.0 = Release|Any CPU
	EndGlobalSection
	GlobalSection(SolutionProperties) = preSolution
		HideSolutionNode = FALSE
	EndGlobalSection
	GlobalSection(ExtensibilityGlobals) = postSolution
		SolutionGuid = {AFB55B5C-80A8-4A67-A86A-101032530015}
	EndGlobalSection
EndGlobal
